
Microsoft Visual Studio Solution File, Format Version 12.00
# Visual Studio 14
VisualStudioVersion = 14.0.23107.0
MinimumVisualStudioVersion = 10.0.40219.1
Project("{2150E333-8FDC-42A3-9474-1A3956D46DE8}") = "Application", "Application", "{90D9950E-DC21-4576-A0D9-8D170A9BA3D1}"
EndProject
Project("{2150E333-8FDC-42A3-9474-1A3956D46DE8}") = "Swart", "Swart", "{4597741E-39A8-4D9F-A983-59F29C6C4CCF}"
EndProject
Project("{2150E333-8FDC-42A3-9474-1A3956D46DE8}") = "DomainDrivenDesign", "DomainDrivenDesign", "{5C20EE37-4574-4B10-94BD-36F399798720}"
EndProject
Project("{2150E333-8FDC-42A3-9474-1A3956D46DE8}") = "EF", "EF", "{9DB554B1-2022-42E7-B624-265AEACD0C81}"
EndProject
Project("{2150E333-8FDC-42A3-9474-1A3956D46DE8}") = "Linq", "Linq", "{E61244A5-BA13-40E5-B4AB-DE2F41A50CA8}"
EndProject
Project("{FAE04EC0-301F-11D3-BF4B-00C04F79EFBC}") = "Swart.DomainDrivenDesign", "..\swart\swart.ddd\Swart.DomainDrivenDesign\Swart.DomainDrivenDesign.csproj", "{3AF2BDDB-77BD-46D0-B327-E5E03A89972B}"
EndProject
Project("{FAE04EC0-301F-11D3-BF4B-00C04F79EFBC}") = "Swart.DomainDrivenDesign.UnitTests", "..\swart\swart.ddd\Swart.DomainDrivenDesign.UnitTests\Swart.DomainDrivenDesign.UnitTests.csproj", "{FA8EE86F-8A55-4EED-B0DB-DF7E2CBA477F}"
EndProject
Project("{FAE04EC0-301F-11D3-BF4B-00C04F79EFBC}") = "Swart.Repositories.EF", "..\swart\swart.ef\Swart.Repositories.EF\Swart.Repositories.EF.csproj", "{24C1881F-B98A-478E-8BD2-7722FB71C0C2}"
EndProject
Project("{FAE04EC0-301F-11D3-BF4B-00C04F79EFBC}") = "Swart.Linq", "..\swart\swart.linq\Swart.Linq\Swart.Linq.csproj", "{577E5294-E73F-45DE-AECE-1F96DA83B59D}"
EndProject
Project("{FAE04EC0-301F-11D3-BF4B-00C04F79EFBC}") = "Swart.Linq.Tests", "..\swart\swart.linq\Swart.Linq.Tests\Swart.Linq.Tests.csproj", "{277AD3BB-7363-4607-B2F6-47ABE14CEA36}"
EndProject
Project("{2150E333-8FDC-42A3-9474-1A3956D46DE8}") = "Courses", "Courses", "{3095B980-D884-4ACA-99FD-3DC0E5D4FD38}"
EndProject
Project("{FAE04EC0-301F-11D3-BF4B-00C04F79EFBC}") = "Courses.Api", "Courses.Api\Courses.Api.csproj", "{5C766EB7-2DFF-4707-9248-8A8C934B0719}"
EndProject
Project("{FAE04EC0-301F-11D3-BF4B-00C04F79EFBC}") = "Courses.Domain", "Courses.Domain\Courses.Domain.csproj", "{1C8E4349-A2BE-49CA-BF5B-F5DF1E930402}"
EndProject
Project("{FAE04EC0-301F-11D3-BF4B-00C04F79EFBC}") = "UnitTests", "UnitTests\UnitTests.csproj", "{4D690928-7988-4C44-9FBD-CA6BEE926769}"
EndProject
Project("{FAE04EC0-301F-11D3-BF4B-00C04F79EFBC}") = "Courses.Repositories", "Course.Repositories\Courses.Repositories.csproj", "{5DBF655F-81E3-429B-83F1-0B2FEA2C4DE6}"
EndProject
Project("{FAE04EC0-301F-11D3-BF4B-00C04F79EFBC}") = "IntegrationTests", "IntegrationTests\IntegrationTests.csproj", "{29096892-80F6-4DB9-B4F5-3DAE78230AC5}"
EndProject
Project("{FAE04EC0-301F-11D3-BF4B-00C04F79EFBC}") = "Courses.ServiceLayer", "Courses.ServiceLayer\Courses.ServiceLayer.csproj", "{51D3912D-7158-481B-AE66-F596CD50CD60}"
EndProject
Project("{FAE04EC0-301F-11D3-BF4B-00C04F79EFBC}") = "Courses.Web", "Courses.Web\Courses.Web.csproj", "{2016D7C2-EFE5-411E-846A-16B9260A3A6B}"
EndProject
Project("{2150E333-8FDC-42A3-9474-1A3956D46DE8}") = "Solution Items", "Solution Items", "{09924ADD-74B0-4851-B105-26C15ABEEDCC}"
	ProjectSection(SolutionItems) = preProject
		WebEssentials2015-Settings.json = WebEssentials2015-Settings.json
	EndProjectSection
EndProject
Global
	GlobalSection(SolutionConfigurationPlatforms) = preSolution
		Debug|Any CPU = Debug|Any CPU
		Release|Any CPU = Release|Any CPU
	EndGlobalSection
	GlobalSection(ProjectConfigurationPlatforms) = postSolution
		{3AF2BDDB-77BD-46D0-B327-E5E03A89972B}.Debug|Any CPU.ActiveCfg = Debug|Any CPU
		{3AF2BDDB-77BD-46D0-B327-E5E03A89972B}.Debug|Any CPU.Build.0 = Debug|Any CPU
		{3AF2BDDB-77BD-46D0-B327-E5E03A89972B}.Release|Any CPU.ActiveCfg = Release|Any CPU
		{3AF2BDDB-77BD-46D0-B327-E5E03A89972B}.Release|Any CPU.Build.0 = Release|Any CPU
		{FA8EE86F-8A55-4EED-B0DB-DF7E2CBA477F}.Debug|Any CPU.ActiveCfg = Debug|Any CPU
		{FA8EE86F-8A55-4EED-B0DB-DF7E2CBA477F}.Debug|Any CPU.Build.0 = Debug|Any CPU
		{FA8EE86F-8A55-4EED-B0DB-DF7E2CBA477F}.Release|Any CPU.ActiveCfg = Release|Any CPU
		{FA8EE86F-8A55-4EED-B0DB-DF7E2CBA477F}.Release|Any CPU.Build.0 = Release|Any CPU
		{24C1881F-B98A-478E-8BD2-7722FB71C0C2}.Debug|Any CPU.ActiveCfg = Debug|Any CPU
		{24C1881F-B98A-478E-8BD2-7722FB71C0C2}.Debug|Any CPU.Build.0 = Debug|Any CPU
		{24C1881F-B98A-478E-8BD2-7722FB71C0C2}.Release|Any CPU.ActiveCfg = Release|Any CPU
		{24C1881F-B98A-478E-8BD2-7722FB71C0C2}.Release|Any CPU.Build.0 = Release|Any CPU
		{577E5294-E73F-45DE-AECE-1F96DA83B59D}.Debug|Any CPU.ActiveCfg = Debug|Any CPU
		{577E5294-E73F-45DE-AECE-1F96DA83B59D}.Debug|Any CPU.Build.0 = Debug|Any CPU
		{577E5294-E73F-45DE-AECE-1F96DA83B59D}.Release|Any CPU.ActiveCfg = Release|Any CPU
		{577E5294-E73F-45DE-AECE-1F96DA83B59D}.Release|Any CPU.Build.0 = Release|Any CPU
		{277AD3BB-7363-4607-B2F6-47ABE14CEA36}.Debug|Any CPU.ActiveCfg = Debug|Any CPU
		{277AD3BB-7363-4607-B2F6-47ABE14CEA36}.Debug|Any CPU.Build.0 = Debug|Any CPU
		{277AD3BB-7363-4607-B2F6-47ABE14CEA36}.Release|Any CPU.ActiveCfg = Release|Any CPU
		{277AD3BB-7363-4607-B2F6-47ABE14CEA36}.Release|Any CPU.Build.0 = Release|Any CPU
		{5C766EB7-2DFF-4707-9248-8A8C934B0719}.Debug|Any CPU.ActiveCfg = Debug|Any CPU
		{5C766EB7-2DFF-4707-9248-8A8C934B0719}.Debug|Any CPU.Build.0 = Debug|Any CPU
		{5C766EB7-2DFF-4707-9248-8A8C934B0719}.Release|Any CPU.ActiveCfg = Release|Any CPU
		{5C766EB7-2DFF-4707-9248-8A8C934B0719}.Release|Any CPU.Build.0 = Release|Any CPU
		{1C8E4349-A2BE-49CA-BF5B-F5DF1E930402}.Debug|Any CPU.ActiveCfg = Debug|Any CPU
		{1C8E4349-A2BE-49CA-BF5B-F5DF1E930402}.Debug|Any CPU.Build.0 = Debug|Any CPU
		{1C8E4349-A2BE-49CA-BF5B-F5DF1E930402}.Release|Any CPU.ActiveCfg = Release|Any CPU
		{1C8E4349-A2BE-49CA-BF5B-F5DF1E930402}.Release|Any CPU.Build.0 = Release|Any CPU
		{4D690928-7988-4C44-9FBD-CA6BEE926769}.Debug|Any CPU.ActiveCfg = Debug|Any CPU
		{4D690928-7988-4C44-9FBD-CA6BEE926769}.Debug|Any CPU.Build.0 = Debug|Any CPU
		{4D690928-7988-4C44-9FBD-CA6BEE926769}.Release|Any CPU.ActiveCfg = Release|Any CPU
		{4D690928-7988-4C44-9FBD-CA6BEE926769}.Release|Any CPU.Build.0 = Release|Any CPU
		{5DBF655F-81E3-429B-83F1-0B2FEA2C4DE6}.Debug|Any CPU.ActiveCfg = Debug|Any CPU
		{5DBF655F-81E3-429B-83F1-0B2FEA2C4DE6}.Debug|Any CPU.Build.0 = Debug|Any CPU
		{5DBF655F-81E3-429B-83F1-0B2FEA2C4DE6}.Release|Any CPU.ActiveCfg = Release|Any CPU
		{5DBF655F-81E3-429B-83F1-0B2FEA2C4DE6}.Release|Any CPU.Build.0 = Release|Any CPU
		{29096892-80F6-4DB9-B4F5-3DAE78230AC5}.Debug|Any CPU.ActiveCfg = Debug|Any CPU
		{29096892-80F6-4DB9-B4F5-3DAE78230AC5}.Debug|Any CPU.Build.0 = Debug|Any CPU
		{29096892-80F6-4DB9-B4F5-3DAE78230AC5}.Release|Any CPU.ActiveCfg = Release|Any CPU
		{29096892-80F6-4DB9-B4F5-3DAE78230AC5}.Release|Any CPU.Build.0 = Release|Any CPU
		{51D3912D-7158-481B-AE66-F596CD50CD60}.Debug|Any CPU.ActiveCfg = Debug|Any CPU
		{51D3912D-7158-481B-AE66-F596CD50CD60}.Debug|Any CPU.Build.0 = Debug|Any CPU
		{51D3912D-7158-481B-AE66-F596CD50CD60}.Release|Any CPU.ActiveCfg = Release|Any CPU
		{51D3912D-7158-481B-AE66-F596CD50CD60}.Release|Any CPU.Build.0 = Release|Any CPU
		{2016D7C2-EFE5-411E-846A-16B9260A3A6B}.Debug|Any CPU.ActiveCfg = Debug|Any CPU
		{2016D7C2-EFE5-411E-846A-16B9260A3A6B}.Debug|Any CPU.Build.0 = Debug|Any CPU
		{2016D7C2-EFE5-411E-846A-16B9260A3A6B}.Release|Any CPU.ActiveCfg = Release|Any CPU
		{2016D7C2-EFE5-411E-846A-16B9260A3A6B}.Release|Any CPU.Build.0 = Release|Any CPU
	EndGlobalSection
	GlobalSection(SolutionProperties) = preSolution
		HideSolutionNode = FALSE
	EndGlobalSection
	GlobalSection(NestedProjects) = preSolution
		{5C20EE37-4574-4B10-94BD-36F399798720} = {4597741E-39A8-4D9F-A983-59F29C6C4CCF}
		{9DB554B1-2022-42E7-B624-265AEACD0C81} = {4597741E-39A8-4D9F-A983-59F29C6C4CCF}
		{E61244A5-BA13-40E5-B4AB-DE2F41A50CA8} = {4597741E-39A8-4D9F-A983-59F29C6C4CCF}
		{3AF2BDDB-77BD-46D0-B327-E5E03A89972B} = {5C20EE37-4574-4B10-94BD-36F399798720}
		{FA8EE86F-8A55-4EED-B0DB-DF7E2CBA477F} = {5C20EE37-4574-4B10-94BD-36F399798720}
		{24C1881F-B98A-478E-8BD2-7722FB71C0C2} = {9DB554B1-2022-42E7-B624-265AEACD0C81}
		{577E5294-E73F-45DE-AECE-1F96DA83B59D} = {E61244A5-BA13-40E5-B4AB-DE2F41A50CA8}
		{277AD3BB-7363-4607-B2F6-47ABE14CEA36} = {E61244A5-BA13-40E5-B4AB-DE2F41A50CA8}
		{5C766EB7-2DFF-4707-9248-8A8C934B0719} = {90D9950E-DC21-4576-A0D9-8D170A9BA3D1}
		{1C8E4349-A2BE-49CA-BF5B-F5DF1E930402} = {3095B980-D884-4ACA-99FD-3DC0E5D4FD38}
		{4D690928-7988-4C44-9FBD-CA6BEE926769} = {3095B980-D884-4ACA-99FD-3DC0E5D4FD38}
		{5DBF655F-81E3-429B-83F1-0B2FEA2C4DE6} = {3095B980-D884-4ACA-99FD-3DC0E5D4FD38}
		{29096892-80F6-4DB9-B4F5-3DAE78230AC5} = {3095B980-D884-4ACA-99FD-3DC0E5D4FD38}
		{51D3912D-7158-481B-AE66-F596CD50CD60} = {3095B980-D884-4ACA-99FD-3DC0E5D4FD38}
		{2016D7C2-EFE5-411E-846A-16B9260A3A6B} = {90D9950E-DC21-4576-A0D9-8D170A9BA3D1}
	EndGlobalSection
EndGlobal
